
Microsoft Visual Studio Solution File, Format Version 12.00
# Visual Studio Version 16
VisualStudioVersion = 16.0.31205.134
MinimumVisualStudioVersion = 10.0.40219.1
Project("{FAE04EC0-301F-11D3-BF4B-00C04F79EFBC}") = "MasterAppWinForms", "MasterAppWinForms\MasterAppWinForms.csproj", "{1600D6AB-83D4-4943-A93C-55E1B159D3D5}"
EndProject
Project("{FAE04EC0-301F-11D3-BF4B-00C04F79EFBC}") = "Plugin2", "Plugin2\Plugin2.csproj", "{FB04BCE9-E0E6-4D94-AB79-38A4360C6035}"
EndProject
Project("{FAE04EC0-301F-11D3-BF4B-00C04F79EFBC}") = "PluginInterface", "PluginInterface\PluginInterface.csproj", "{0B3D45B6-7E54-4A19-A615-1EEE275F6792}"
EndProject
Global
	GlobalSection(SolutionConfigurationPlatforms) = preSolution
		Debug|Any CPU = Debug|Any CPU
		Release|Any CPU = Release|Any CPU
	EndGlobalSection
	GlobalSection(ProjectConfigurationPlatforms) = postSolution
		{1600D6AB-83D4-4943-A93C-55E1B159D3D5}.Debug|Any CPU.ActiveCfg = Debug|Any CPU
		{1600D6AB-83D4-4943-A93C-55E1B159D3D5}.Debug|Any CPU.Build.0 = Debug|Any CPU
		{1600D6AB-83D4-4943-A93C-55E1B159D3D5}.Release|Any CPU.ActiveCfg = Release|Any CPU
		{1600D6AB-83D4-4943-A93C-55E1B159D3D5}.Release|Any CPU.Build.0 = Release|Any CPU
		{FB04BCE9-E0E6-4D94-AB79-38A4360C6035}.Debug|Any CPU.ActiveCfg = Debug|Any CPU
		{FB04BCE9-E0E6-4D94-AB79-38A4360C6035}.Debug|Any CPU.Build.0 = Debug|Any CPU
		{FB04BCE9-E0E6-4D94-AB79-38A4360C6035}.Release|Any CPU.ActiveCfg = Release|Any CPU
		{FB04BCE9-E0E6-4D94-AB79-38A4360C6035}.Release|Any CPU.Build.0 = Release|Any CPU
		{0B3D45B6-7E54-4A19-A615-1EEE275F6792}.Debug|Any CPU.ActiveCfg = Debug|Any CPU
		{0B3D45B6-7E54-4A19-A615-1EEE275F6792}.Debug|Any CPU.Build.0 = Debug|Any CPU
		{0B3D45B6-7E54-4A19-A615-1EEE275F6792}.Release|Any CPU.ActiveCfg = Release|Any CPU
		{0B3D45B6-7E54-4A19-A615-1EEE275F6792}.Release|Any CPU.Build.0 = Release|Any CPU
	EndGlobalSection
	GlobalSection(SolutionProperties) = preSolution
		HideSolutionNode = FALSE
	EndGlobalSection
	GlobalSection(ExtensibilityGlobals) = postSolution
		SolutionGuid = {8F601913-3BAB-4C18-B114-887309E82EFF}
	EndGlobalSection
EndGlobal
